
Microsoft Visual Studio Solution File, Format Version 12.00
# Visual Studio Version 16
VisualStudioVersion = 16.0.31911.196
MinimumVisualStudioVersion = 10.0.40219.1
Project("{FAE04EC0-301F-11D3-BF4B-00C04F79EFBC}") = "desktop_integration_test2", "desktop_integration_test2.csproj", "{DA2DF1E2-78C3-4FC2-BA73-FA922E158425}"
EndProject
Global
	GlobalSection(SolutionConfigurationPlatforms) = preSolution
		Debug|Any CPU = Debug|Any CPU
		Release|Any CPU = Release|Any CPU
	EndGlobalSection
	GlobalSection(ProjectConfigurationPlatforms) = postSolution
		{DA2DF1E2-78C3-4FC2-BA73-FA922E158425}.Debug|Any CPU.ActiveCfg = Debug|Any CPU
		{DA2DF1E2-78C3-4FC2-BA73-FA922E158425}.Debug|Any CPU.Build.0 = Debug|Any CPU
		{DA2DF1E2-78C3-4FC2-BA73-FA922E158425}.Release|Any CPU.ActiveCfg = Release|Any CPU
		{DA2DF1E2-78C3-4FC2-BA73-FA922E158425}.Release|Any CPU.Build.0 = Release|Any CPU
	EndGlobalSection
	GlobalSection(SolutionProperties) = preSolution
		HideSolutionNode = FALSE
	EndGlobalSection
	GlobalSection(ExtensibilityGlobals) = postSolution
		SolutionGuid = {ECFDAC36-53BF-49DB-AE1D-D8D9F4385604}
	EndGlobalSection
EndGlobal
